
Microsoft Visual Studio Solution File, Format Version 12.00
# Visual Studio Version 17
VisualStudioVersion = 17.1.32421.90
MinimumVisualStudioVersion = 10.0.40219.1
Project("{FAE04EC0-301F-11D3-BF4B-00C04F79EFBC}") = "Calculator", "Calculator\Calculator.csproj", "{62E3E95D-68AD-4589-897A-41E3521CD55B}"
EndProject
Global
	GlobalSection(SolutionConfigurationPlatforms) = preSolution
		Debug|Any CPU = Debug|Any CPU
		Release|Any CPU = Release|Any CPU
	EndGlobalSection
	GlobalSection(ProjectConfigurationPlatforms) = postSolution
		{62E3E95D-68AD-4589-897A-41E3521CD55B}.Debug|Any CPU.ActiveCfg = Debug|Any CPU
		{62E3E95D-68AD-4589-897A-41E3521CD55B}.Debug|Any CPU.Build.0 = Debug|Any CPU
		{62E3E95D-68AD-4589-897A-41E3521CD55B}.Release|Any CPU.ActiveCfg = Release|Any CPU
		{62E3E95D-68AD-4589-897A-41E3521CD55B}.Release|Any CPU.Build.0 = Release|Any CPU
	EndGlobalSection
	GlobalSection(SolutionProperties) = preSolution
		HideSolutionNode = FALSE
	EndGlobalSection
	GlobalSection(ExtensibilityGlobals) = postSolution
		SolutionGuid = {DBD84F65-291E-4B0A-8B62-997285735AC3}
	EndGlobalSection
EndGlobal
